Microsoft Visual Studio Solution File, Format Version 12.00
# Visual Studio Version 17
VisualStudioVersion = 17.5.2.0
MinimumVisualStudioVersion = 10.0.40219.1
Project("{FAE04EC0-301F-11D3-BF4B-00C04F79EFBC}") = "FibonacciAverageCalculator", "FibonacciAverageCalculator.csproj", "{E1A05CF3-6DF3-8FE7-8CDD-0510D22E9260}"
EndProject
Global
	GlobalSection(SolutionConfigurationPlatforms) = preSolution
		Debug|Any CPU = Debug|Any CPU
		Release|Any CPU = Release|Any CPU
	EndGlobalSection
	GlobalSection(ProjectConfigurationPlatforms) = postSolution
		{E1A05CF3-6DF3-8FE7-8CDD-0510D22E9260}.Debug|Any CPU.ActiveCfg = Debug|Any CPU
		{E1A05CF3-6DF3-8FE7-8CDD-0510D22E9260}.Debug|Any CPU.Build.0 = Debug|Any CPU
		{E1A05CF3-6DF3-8FE7-8CDD-0510D22E9260}.Release|Any CPU.ActiveCfg = Release|Any CPU
		{E1A05CF3-6DF3-8FE7-8CDD-0510D22E9260}.Release|Any CPU.Build.0 = Release|Any CPU
	EndGlobalSection
	GlobalSection(SolutionProperties) = preSolution
		HideSolutionNode = FALSE
	EndGlobalSection
	GlobalSection(ExtensibilityGlobals) = postSolution
		SolutionGuid = {8E440180-0F0C-423A-8319-3E873045A39D}
	EndGlobalSection
EndGlobal
