Microsoft Visual Studio Solution File, Format Version 12.00
# Visual Studio Version 17
VisualStudioVersion = 17.5.2.0
MinimumVisualStudioVersion = 10.0.40219.1
Project("{FAE04EC0-301F-11D3-BF4B-00C04F79EFBC}") = "TriangleDrawerApp", "TriangleDrawerApp.csproj", "{1B41DB67-980A-989B-BEB0-7FE48F03E2AC}"
EndProject
Global
	GlobalSection(SolutionConfigurationPlatforms) = preSolution
		Debug|Any CPU = Debug|Any CPU
		Release|Any CPU = Release|Any CPU
	EndGlobalSection
	GlobalSection(ProjectConfigurationPlatforms) = postSolution
		{1B41DB67-980A-989B-BEB0-7FE48F03E2AC}.Debug|Any CPU.ActiveCfg = Debug|Any CPU
		{1B41DB67-980A-989B-BEB0-7FE48F03E2AC}.Debug|Any CPU.Build.0 = Debug|Any CPU
		{1B41DB67-980A-989B-BEB0-7FE48F03E2AC}.Release|Any CPU.ActiveCfg = Release|Any CPU
		{1B41DB67-980A-989B-BEB0-7FE48F03E2AC}.Release|Any CPU.Build.0 = Release|Any CPU
	EndGlobalSection
	GlobalSection(SolutionProperties) = preSolution
		HideSolutionNode = FALSE
	EndGlobalSection
	GlobalSection(ExtensibilityGlobals) = postSolution
		SolutionGuid = {2FEE6788-D420-452F-9788-47ED5EDE6145}
	EndGlobalSection
EndGlobal
